
Microsoft Visual Studio Solution File, Format Version 12.00
# Visual Studio Version 17
VisualStudioVersion = 17.6.33815.320
MinimumVisualStudioVersion = 10.0.40219.1
Project("{FAE04EC0-301F-11D3-BF4B-00C04F79EFBC}") = "RoboFactoryWebAPI", "RoboFactoryWebAPI\RoboFactoryWebAPI.csproj", "{94E4D4A6-C6C4-445B-9C28-717AC23E3A55}"
EndProject
Project("{FAE04EC0-301F-11D3-BF4B-00C04F79EFBC}") = "BusinessLayer", "BusinessLayer\BusinessLayer.csproj", "{A0D8D868-8370-44ED-8B69-9C4849AAE19C}"
EndProject
Project("{FAE04EC0-301F-11D3-BF4B-00C04F79EFBC}") = "DataAccessLayer", "DataAccessLayer\DataAccessLayer.csproj", "{5D3C929C-B36D-4A7F-B733-7BE2D8CB2379}"
EndProject
Global
	GlobalSection(SolutionConfigurationPlatforms) = preSolution
		Debug|Any CPU = Debug|Any CPU
		Release|Any CPU = Release|Any CPU
	EndGlobalSection
	GlobalSection(ProjectConfigurationPlatforms) = postSolution
		{94E4D4A6-C6C4-445B-9C28-717AC23E3A55}.Debug|Any CPU.ActiveCfg = Debug|Any CPU
		{94E4D4A6-C6C4-445B-9C28-717AC23E3A55}.Debug|Any CPU.Build.0 = Debug|Any CPU
		{94E4D4A6-C6C4-445B-9C28-717AC23E3A55}.Release|Any CPU.ActiveCfg = Release|Any CPU
		{94E4D4A6-C6C4-445B-9C28-717AC23E3A55}.Release|Any CPU.Build.0 = Release|Any CPU
		{A0D8D868-8370-44ED-8B69-9C4849AAE19C}.Debug|Any CPU.ActiveCfg = Debug|Any CPU
		{A0D8D868-8370-44ED-8B69-9C4849AAE19C}.Debug|Any CPU.Build.0 = Debug|Any CPU
		{A0D8D868-8370-44ED-8B69-9C4849AAE19C}.Release|Any CPU.ActiveCfg = Release|Any CPU
		{A0D8D868-8370-44ED-8B69-9C4849AAE19C}.Release|Any CPU.Build.0 = Release|Any CPU
		{5D3C929C-B36D-4A7F-B733-7BE2D8CB2379}.Debug|Any CPU.ActiveCfg = Debug|Any CPU
		{5D3C929C-B36D-4A7F-B733-7BE2D8CB2379}.Debug|Any CPU.Build.0 = Debug|Any CPU
		{5D3C929C-B36D-4A7F-B733-7BE2D8CB2379}.Release|Any CPU.ActiveCfg = Release|Any CPU
		{5D3C929C-B36D-4A7F-B733-7BE2D8CB2379}.Release|Any CPU.Build.0 = Release|Any CPU
	EndGlobalSection
	GlobalSection(SolutionProperties) = preSolution
		HideSolutionNode = FALSE
	EndGlobalSection
	GlobalSection(ExtensibilityGlobals) = postSolution
		SolutionGuid = {8A972F03-B8AB-4941-8553-590A8C7A3195}
	EndGlobalSection
EndGlobal
